PODS:
  - device_info_plus (0.0.1):
    - Flutter
  - Flutter (1.0.0)
  - flutter_mailer (0.0.1):
    - Flutter
  - gallery_saver (0.0.1):
    - Flutter
  - image_gallery_saver (1.5.0):
    - Flutter
  - image_picker_ios (0.0.1):
    - Flutter
  - MTBBarcodeScanner (5.0.11)
  - path_provider_ios (0.0.1):
    - Flutter
  - qr_code_scanner (0.2.0):
    - Flutter
    - MTBBarcodeScanner
  - share_files_and_screenshot_widgets_plus (0.0.1):
    - Flutter
  - shared_preferences_ios (0.0.1):
    - Flutter

DEPENDENCIES:
  - device_info_plus (from `.symlinks/plugins/device_info_plus/ios`)
  - Flutter (from `Flutter`)
  - flutter_mailer (from `.symlinks/plugins/flutter_mailer/ios`)
  - gallery_saver (from `.symlinks/plugins/gallery_saver/ios`)
  - image_gallery_saver (from `.symlinks/plugins/image_gallery_saver/ios`)
  - image_picker_ios (from `.symlinks/plugins/image_picker_ios/ios`)
  - path_provider_ios (from `.symlinks/plugins/path_provider_ios/ios`)
  - qr_code_scanner (from `.symlinks/plugins/qr_code_scanner/ios`)
  - share_files_and_screenshot_widgets_plus (from `.symlinks/plugins/share_files_and_screenshot_widgets_plus/ios`)
  - shared_preferences_ios (from `.symlinks/plugins/shared_preferences_ios/ios`)

SPEC REPOS:
  trunk:
    - MTBBarcodeScanner

EXTERNAL SOURCES:
  device_info_plus:
    :path: ".symlinks/plugins/device_info_plus/ios"
  Flutter:
    :path: Flutter
  flutter_mailer:
    :path: ".symlinks/plugins/flutter_mailer/ios"
  gallery_saver:
    :path: ".symlinks/plugins/gallery_saver/ios"
  image_gallery_saver:
    :path: ".symlinks/plugins/image_gallery_saver/ios"
  image_picker_ios:
    :path: ".symlinks/plugins/image_picker_ios/ios"
  path_provider_ios:
    :path: ".symlinks/plugins/path_provider_ios/ios"
  qr_code_scanner:
    :path: ".symlinks/plugins/qr_code_scanner/ios"
  share_files_and_screenshot_widgets_plus:
    :path: ".symlinks/plugins/share_files_and_screenshot_widgets_plus/ios"
  shared_preferences_ios:
    :path: ".symlinks/plugins/shared_preferences_ios/ios"

SPEC CHECKSUMS:
  device_info_plus: e5c5da33f982a436e103237c0c85f9031142abed
  Flutter: 50d75fe2f02b26cc09d224853bb45737f8b3214a
  flutter_mailer: 2ef5a67087bc8c6c4cefd04a178bf1ae2c94cd83
  gallery_saver: 9fc173c9f4fcc48af53b2a9ebea1b643255be542
  image_gallery_saver: 259eab68fb271cfd57d599904f7acdc7832e7ef2
  image_picker_ios: b786a5dcf033a8336a657191401bfdf12017dabb
  MTBBarcodeScanner: f453b33c4b7dfe545d8c6484ed744d55671788cb
  path_provider_ios: 7d7ce634493af4477d156294792024ec3485acd5
  qr_code_scanner: bb67d64904c3b9658ada8c402e8b4d406d5d796e
  share_files_and_screenshot_widgets_plus: c156887aae7bae38739f0b4a95fcb0959d6f333c
  shared_preferences_ios: aef470a42dc4675a1cdd50e3158b42e3d1232b32

PODFILE CHECKSUM: 78ea40d8808e306a2d64197aeb7690be35eaa3cc

COCOAPODS: 1.11.2
